
Microsoft Visual Studio Solution File, Format Version 10.00
# Visual Studio 2008
Project("{FAE04EC0-301F-11D3-BF4B-00C04F79EFBC}") = "DersDemo_Ado_XmlReadWrite", "DersDemo_Ado_XmlReadWrite\DersDemo_Ado_XmlReadWrite.csproj", "{AB3DFF31-82EC-4F0D-AEB1-812210F6A792}"
EndProject
Global
	GlobalSection(SolutionConfigurationPlatforms) = preSolution
		Debug|Any CPU = Debug|Any CPU
		Release|Any CPU = Release|Any CPU
	EndGlobalSection
	GlobalSection(ProjectConfigurationPlatforms) = postSolution
		{AB3DFF31-82EC-4F0D-AEB1-812210F6A792}.Debug|Any CPU.ActiveCfg = Debug|Any CPU
		{AB3DFF31-82EC-4F0D-AEB1-812210F6A792}.Debug|Any CPU.Build.0 = Debug|Any CPU
		{AB3DFF31-82EC-4F0D-AEB1-812210F6A792}.Release|Any CPU.ActiveCfg = Release|Any CPU
		{AB3DFF31-82EC-4F0D-AEB1-812210F6A792}.Release|Any CPU.Build.0 = Release|Any CPU
	EndGlobalSection
	GlobalSection(SolutionProperties) = preSolution
		HideSolutionNode = FALSE
	EndGlobalSection
EndGlobal
