
Microsoft Visual Studio Solution File, Format Version 10.00
# Visual Studio 2008
Project("{FAE04EC0-301F-11D3-BF4B-00C04F79EFBC}") = "DersDemo_Ado_ExecuteScaler", "DersDemo_Ado_ExecuteScaler\DersDemo_Ado_ExecuteScaler.csproj", "{17D2B57C-7658-4511-96A9-A8730F29A07E}"
EndProject
Global
	GlobalSection(SolutionConfigurationPlatforms) = preSolution
		Debug|Any CPU = Debug|Any CPU
		Release|Any CPU = Release|Any CPU
	EndGlobalSection
	GlobalSection(ProjectConfigurationPlatforms) = postSolution
		{17D2B57C-7658-4511-96A9-A8730F29A07E}.Debug|Any CPU.ActiveCfg = Debug|Any CPU
		{17D2B57C-7658-4511-96A9-A8730F29A07E}.Debug|Any CPU.Build.0 = Debug|Any CPU
		{17D2B57C-7658-4511-96A9-A8730F29A07E}.Release|Any CPU.ActiveCfg = Release|Any CPU
		{17D2B57C-7658-4511-96A9-A8730F29A07E}.Release|Any CPU.Build.0 = Release|Any CPU
	EndGlobalSection
	GlobalSection(SolutionProperties) = preSolution
		HideSolutionNode = FALSE
	EndGlobalSection
EndGlobal
